# This file is automatically @generated by Cargo.
# It is not intended for manual editing.
version = 4

[[package]]
name = "boot-protocol"
version = "0.1.0"

[[package]]
name = "seraph-boot"
version = "0.1.0"
dependencies = [
 "boot-protocol",
]

[[package]]
name = "seraph-elf"
version = "0.1.0"

[[package]]
name = "seraph-init"
version = "0.1.0"

[[package]]
name = "seraph-kernel"
version = "0.1.0"
dependencies = [
 "boot-protocol",
]

[[package]]
name = "seraph-procmgr"
version = "0.1.0"

[[package]]
name = "seraph-svcmgr"
version = "0.1.0"

[[package]]
name = "seraph-syscall"
version = "0.1.0"
